PODS:
  - extobjc (0.0.1)
  - KVOController (1.2.0)
  - QOP (0.1.6):
    - extobjc
    - KVOController

DEPENDENCIES:
  - QOP (from `../`)

SPEC REPOS:
  https://github.com/CocoaPods/Specs.git:
    - extobjc
    - KVOController

EXTERNAL SOURCES:
  QOP:
    :path: "../"

SPEC CHECKSUMS:
  extobjc: a55d2f1212ce1cdac4c88bd19594a15c15bab5dc
  KVOController: d72ace34afea42468329623b3379ab3cd1d286b6
  QOP: aac78d1c2aa05b129edb420265cacb558f112a4f

PODFILE CHECKSUM: b2897c12ec5ee3912aacd0be962b684914243d03

COCOAPODS: 1.8.4
